
Microsoft Visual Studio Solution File, Format Version 12.00
# Visual Studio Version 17
VisualStudioVersion = 17.7.34031.279
MinimumVisualStudioVersion = 10.0.40219.1
Project("{FAE04EC0-301F-11D3-BF4B-00C04F79EFBC}") = "Laborator2", "Laborator2\Laborator2.csproj", "{A94697AA-F357-47E6-BA09-707BC811EE31}"
EndProject
Global
	GlobalSection(SolutionConfigurationPlatforms) = preSolution
		Debug|Any CPU = Debug|Any CPU
		Release|Any CPU = Release|Any CPU
	EndGlobalSection
	GlobalSection(ProjectConfigurationPlatforms) = postSolution
		{A94697AA-F357-47E6-BA09-707BC811EE31}.Debug|Any CPU.ActiveCfg = Debug|Any CPU
		{A94697AA-F357-47E6-BA09-707BC811EE31}.Debug|Any CPU.Build.0 = Debug|Any CPU
		{A94697AA-F357-47E6-BA09-707BC811EE31}.Release|Any CPU.ActiveCfg = Release|Any CPU
		{A94697AA-F357-47E6-BA09-707BC811EE31}.Release|Any CPU.Build.0 = Release|Any CPU
	EndGlobalSection
	GlobalSection(SolutionProperties) = preSolution
		HideSolutionNode = FALSE
	EndGlobalSection
	GlobalSection(ExtensibilityGlobals) = postSolution
		SolutionGuid = {10502736-2024-4896-B0F7-3B8627909A54}
	EndGlobalSection
EndGlobal
