
Microsoft Visual Studio Solution File, Format Version 12.00
# Visual Studio Version 17
VisualStudioVersion = 17.7.34221.43
MinimumVisualStudioVersion = 10.0.40219.1
Project("{FAE04EC0-301F-11D3-BF4B-00C04F79EFBC}") = "ProiectBlog", "ProiectBlog\ProiectBlog.csproj", "{91A2DFBF-3317-4C79-9A5D-D74CD3CF294D}"
EndProject
Global
	GlobalSection(SolutionConfigurationPlatforms) = preSolution
		Debug|Any CPU = Debug|Any CPU
		Release|Any CPU = Release|Any CPU
	EndGlobalSection
	GlobalSection(ProjectConfigurationPlatforms) = postSolution
		{91A2DFBF-3317-4C79-9A5D-D74CD3CF294D}.Debug|Any CPU.ActiveCfg = Debug|Any CPU
		{91A2DFBF-3317-4C79-9A5D-D74CD3CF294D}.Debug|Any CPU.Build.0 = Debug|Any CPU
		{91A2DFBF-3317-4C79-9A5D-D74CD3CF294D}.Release|Any CPU.ActiveCfg = Release|Any CPU
		{91A2DFBF-3317-4C79-9A5D-D74CD3CF294D}.Release|Any CPU.Build.0 = Release|Any CPU
	EndGlobalSection
	GlobalSection(SolutionProperties) = preSolution
		HideSolutionNode = FALSE
	EndGlobalSection
	GlobalSection(ExtensibilityGlobals) = postSolution
		SolutionGuid = {40E81E8E-4F7D-4089-82F6-472825195DA8}
	EndGlobalSection
EndGlobal
